
Microsoft Visual Studio Solution File, Format Version 12.00
# Visual Studio Version 17
VisualStudioVersion = 17.0.31903.59
MinimumVisualStudioVersion = 10.0.40219.1
Project("{FAE04EC0-301F-11D3-BF4B-00C04F79EFBC}") = "BuberBreakfast.Contracts", "BuberBreakfast.Contracts\BuberBreakfast.Contracts.csproj", "{244676FF-E8D7-4801-ACD5-9314EA32100A}"
EndProject
Project("{FAE04EC0-301F-11D3-BF4B-00C04F79EFBC}") = "BuberBreakfast", "BuberBreakfast\BuberBreakfast.csproj", "{77582BA2-C58D-4B38-AC6A-035CDE9A7DFD}"
EndProject
Global
	GlobalSection(SolutionConfigurationPlatforms) = preSolution
		Debug|Any CPU = Debug|Any CPU
		Release|Any CPU = Release|Any CPU
	EndGlobalSection
	GlobalSection(SolutionProperties) = preSolution
		HideSolutionNode = FALSE
	EndGlobalSection
	GlobalSection(ProjectConfigurationPlatforms) = postSolution
		{244676FF-E8D7-4801-ACD5-9314EA32100A}.Debug|Any CPU.ActiveCfg = Debug|Any CPU
		{244676FF-E8D7-4801-ACD5-9314EA32100A}.Debug|Any CPU.Build.0 = Debug|Any CPU
		{244676FF-E8D7-4801-ACD5-9314EA32100A}.Release|Any CPU.ActiveCfg = Release|Any CPU
		{244676FF-E8D7-4801-ACD5-9314EA32100A}.Release|Any CPU.Build.0 = Release|Any CPU
		{77582BA2-C58D-4B38-AC6A-035CDE9A7DFD}.Debug|Any CPU.ActiveCfg = Debug|Any CPU
		{77582BA2-C58D-4B38-AC6A-035CDE9A7DFD}.Debug|Any CPU.Build.0 = Debug|Any CPU
		{77582BA2-C58D-4B38-AC6A-035CDE9A7DFD}.Release|Any CPU.ActiveCfg = Release|Any CPU
		{77582BA2-C58D-4B38-AC6A-035CDE9A7DFD}.Release|Any CPU.Build.0 = Release|Any CPU
	EndGlobalSection
EndGlobal
